{
    "_readme": [
        "This file locks the dependencies of your project to a known state",
        "Read more about it at https://getcomposer.org/doc/01-basic-usage.md#composer-lock-the-lock-file",
        "This file is @generated automatically"
    ],
    "hash": "7f7264a8398686e733cc1d705388298b",
    "content-hash": "c22799627dcdf4c62ebcaca08ba61c95",
    "packages": [
        {
            "name": "doctrine/annotations",
            "version": "v1.3.1",
            "source": {
                "type": "git",
                "url": "https://github.com/doctrine/annotations.git",
                "reference": "bd4461328621bde0ae6b1b2675fbc6aca4ceb558"
            },
            "dist": {
                "type": "zip",
                "url": "https://api.github.com/repos/doctrine/annotations/zipball/bd4461328621bde0ae6b1b2675fbc6aca4ceb558",
                "reference": "bd4461328621bde0ae6b1b2675fbc6aca4ceb558",
                "shasum": ""
            },
            "require": {
                "doctrine/lexer": "1.*",
                "php": "^5.6 || ^7.0"
            },
            "require-dev": {
                "doctrine/cache": "1.*",
                "phpunit/phpunit": "^5.6.1"
            },
            "type": "library",
            "extra": {
                "branch-alias": {
                    "dev-master": "1.4.x-dev"
                }
            },
            "autoload": {
                "psr-4": {
                    "Doctrine\\Common\\Annotations\\": "lib/Doctrine/Common/Annotations"
                }
            },
            "notification-url": "https://packagist.org/downloads/",
            "license": [
                "MIT"
            ],
            "authors": [
                {
                    "name": "Roman Borschel",
                    "email": "roman@code-factory.org"
                },
                {
                    "name": "Benjamin Eberlei",
                    "email": "kontakt@beberlei.de"
                },
                {
                    "name": "Guilherme Blanco",
                    "email": "guilhermeblanco@gmail.com"
                },
                {
                    "name": "Jonathan Wage",
                    "email": "jonwage@gmail.com"
                },
                {
                    "name": "Johannes Schmitt",
                    "email": "schmittjoh@gmail.com"
                }
            ],
            "description": "Docblock Annotations Parser",
            "homepage": "http://www.doctrine-project.org",
            "keywords": [
                "annotations",
                "docblock",
                "parser"
            ],
            "time": "2016-12-30 15:59:45"
        },
        {
            "name": "doctrine/lexer",
            "version": "v1.0.1",
            "source": {
                "type": "git",
                "url": "https://github.com/doctrine/lexer.git",
                "reference": "83893c552fd2045dd78aef794c31e694c37c0b8c"
            },
            "dist": {
                "type": "zip",
                "url": "https://api.github.com/repos/doctrine/lexer/zipball/83893c552fd2045dd78aef794c31e694c37c0b8c",
                "reference": "83893c552fd2045dd78aef794c31e694c37c0b8c",
                "shasum": ""
            },
            "require": {
                "php": ">=5.3.2"
            },
            "type": "library",
            "extra": {
                "branch-alias": {
                    "dev-master": "1.0.x-dev"
                }
            },
            "autoload": {
                "psr-0": {
                    "Doctrine\\Common\\Lexer\\": "lib/"
                }
            },
            "notification-url": "https://packagist.org/downloads/",
            "license": [
                "MIT"
            ],
            "authors": [
                {
                    "name": "Roman Borschel",
                    "email": "roman@code-factory.org"
                },
                {
                    "name": "Guilherme Blanco",
                    "email": "guilhermeblanco@gmail.com"
                },
                {
                    "name": "Johannes Schmitt",
                    "email": "schmittjoh@gmail.com"
                }
            ],
            "description": "Base library for a lexer that can be used in Top-Down, Recursive Descent Parsers.",
            "homepage": "http://www.doctrine-project.org",
            "keywords": [
                "lexer",
                "parser"
            ],
            "time": "2014-09-09 13:34:57"
        },
        {
            "name": "marcj/topsort",
            "version": "1.1.0",
            "source": {
                "type": "git",
                "url": "https://github.com/marcj/topsort.php.git",
                "reference": "387086c2db60ee0a27ac5df588c0f0b30c6bdc4b"
            },
            "dist": {
                "type": "zip",
                "url": "https://api.github.com/repos/marcj/topsort.php/zipball/387086c2db60ee0a27ac5df588c0f0b30c6bdc4b",
                "reference": "387086c2db60ee0a27ac5df588c0f0b30c6bdc4b",
                "shasum": ""
            },
            "require": {
                "php": ">=5.4"
            },
            "require-dev": {
                "codeclimate/php-test-reporter": "dev-master",
                "phpunit/phpunit": "~4.0",
                "symfony/console": "~2.5"
            },
            "type": "library",
            "autoload": {
                "psr-4": {
                    "MJS\\TopSort\\": "src/",
                    "MJS\\TopSort\\Tests\\": "tests/Tests/"
                }
            },
            "notification-url": "https://packagist.org/downloads/",
            "license": [
                "MIT"
            ],
            "authors": [
                {
                    "name": "Marc J. Schmidt",
                    "email": "marc@marcjschmidt.de"
                }
            ],
            "description": "High-Performance TopSort/Dependency resolving algorithm",
            "keywords": [
                "dependency resolving",
                "topological sort",
                "topsort"
            ],
            "time": "2016-11-19 14:58:11"
        }
    ],
    "packages-dev": [],
    "aliases": [],
    "minimum-stability": "alpha",
    "stability-flags": [],
    "prefer-stable": false,
    "prefer-lowest": false,
    "platform": [],
    "platform-dev": []
}
